// !$*UTF8*$!
{
	archiveVersion = 1;
	classes = {
	};
	objectVersion = 50;
	objects = {

/* Begin PBXBuildFile section */
		75D2716524D9971D00CA692D /* Assets.xcassets in Resources */ = {isa = PBXBuildFile; fileRef = 75D2716424D9971D00CA692D /* Assets.xcassets */; };
		75D2716824D9971D00CA692D /* Main.storyboard in Resources */ = {isa = PBXBuildFile; fileRef = 75D2716624D9971D00CA692D /* Main.storyboard */; };
		75D2717424D9973900CA692D /* OpenGL.framework in Frameworks */ = {isa = PBXBuildFile; fileRef = 75D2717324D9973900CA692D /* OpenGL.framework */; };
		75D2717624D9974000CA692D /* GLUT.framework in Frameworks */ = {isa = PBXBuildFile; fileRef = 75D2717524D9974000CA692D /* GLUT.framework */; };
		75D2718A24D9977E00CA692D /* libGLTools.a in Frameworks */ = {isa = PBXBuildFile; fileRef = 75D2718924D9977E00CA692D /* libGLTools.a */; };
		75D2718C24D9986B00CA692D /* main.cpp in Sources */ = {isa = PBXBuildFile; fileRef = 75D2718B24D9986B00CA692D /* main.cpp */; };
		75D2719024D9993400CA692D /* stone.tga in Resources */ = {isa = PBXBuildFile; fileRef = 75D2718D24D9993400CA692D /* stone.tga */; };
		75D2719124D9993400CA692D /* floor.tga in Resources */ = {isa = PBXBuildFile; fileRef = 75D2718E24D9993400CA692D /* floor.tga */; };
		75D2719224D9993400CA692D /* brick.tga in Resources */ = {isa = PBXBuildFile; fileRef = 75D2718F24D9993400CA692D /* brick.tga */; };
		75D2719424D9996B00CA692D /* ceiling.tga in Resources */ = {isa = PBXBuildFile; fileRef = 75D2719324D9996B00CA692D /* ceiling.tga */; };
/* End PBXBuildFile section */

/* Begin PBXFileReference section */
		75D2715B24D9971A00CA692D /* OpenGL_Tunnel.app */ = {isa = PBXFileReference; explicitFileType = wrapper.application; includeInIndex = 0; path = OpenGL_Tunnel.app; sourceTree = BUILT_PRODUCTS_DIR; };
		75D2716424D9971D00CA692D /* Assets.xcassets */ = {isa = PBXFileReference; lastKnownFileType = folder.assetcatalog; path = Assets.xcassets; sourceTree = "<group>"; };
		75D2716724D9971D00CA692D /* Base */ = {isa = PBXFileReference; lastKnownFileType = file.storyboard; name = Base; path = Base.lproj/Main.storyboard; sourceTree = "<group>"; };
		75D2716924D9971D00CA692D /* Info.plist */ = {isa = PBXFileReference; lastKnownFileType = text.plist.xml; path = Info.plist; sourceTree = "<group>"; };
		75D2716C24D9971D00CA692D /* OpenGL_Tunnel.entitlements */ = {isa = PBXFileReference; lastKnownFileType = text.plist.entitlements; path = OpenGL_Tunnel.entitlements; sourceTree = "<group>"; };
		75D2717324D9973900CA692D /* OpenGL.framework */ = {isa = PBXFileReference; lastKnownFileType = wrapper.framework; name = OpenGL.framework; path = System/Library/Frameworks/OpenGL.framework; sourceTree = SDKROOT; };
		75D2717524D9974000CA692D /* GLUT.framework */ = {isa = PBXFileReference; lastKnownFileType = wrapper.framework; name = GLUT.framework; path = System/Library/Frameworks/GLUT.framework; sourceTree = SDKROOT; };
		75D2717A24D9977200CA692D /* GLBatchBase.h */ = {isa = PBXFileReference; fileEncoding = 4; lastKnownFileType = sourcecode.c.h; path = GLBatchBase.h; sourceTree = "<group>"; };
		75D2717B24D9977200CA692D /* math3d.h */ = {isa = PBXFileReference; fileEncoding = 4; lastKnownFileType = sourcecode.c.h; path = math3d.h; sourceTree = "<group>"; };
		75D2717C24D9977200CA692D /* GLTriangleBatch.h */ = {isa = PBXFileReference; fileEncoding = 4; lastKnownFileType = sourcecode.c.h; path = GLTriangleBatch.h; sourceTree = "<group>"; };
		75D2717D24D9977200CA692D /* GLBatch.h */ = {isa = PBXFileReference; fileEncoding = 4; lastKnownFileType = sourcecode.c.h; path = GLBatch.h; sourceTree = "<group>"; };
		75D2717E24D9977200CA692D /* GLMatrixStack.h */ = {isa = PBXFileReference; fileEncoding = 4; lastKnownFileType = sourcecode.c.h; path = GLMatrixStack.h; sourceTree = "<group>"; };
		75D2717F24D9977200CA692D /* GLFrame.h */ = {isa = PBXFileReference; fileEncoding = 4; lastKnownFileType = sourcecode.c.h; path = GLFrame.h; sourceTree = "<group>"; };
		75D2718024D9977200CA692D /* GLFrustum.h */ = {isa = PBXFileReference; fileEncoding = 4; lastKnownFileType = sourcecode.c.h; path = GLFrustum.h; sourceTree = "<group>"; };
		75D2718124D9977200CA692D /* GLGeometryTransform.h */ = {isa = PBXFileReference; fileEncoding = 4; lastKnownFileType = sourcecode.c.h; path = GLGeometryTransform.h; sourceTree = "<group>"; };
		75D2718224D9977200CA692D /* GLShaderManager.h */ = {isa = PBXFileReference; fileEncoding = 4; lastKnownFileType = sourcecode.c.h; path = GLShaderManager.h; sourceTree = "<group>"; };
		75D2718324D9977200CA692D /* StopWatch.h */ = {isa = PBXFileReference; fileEncoding = 4; lastKnownFileType = sourcecode.c.h; path = StopWatch.h; sourceTree = "<group>"; };
		75D2718524D9977200CA692D /* glxew.h */ = {isa = PBXFileReference; fileEncoding = 4; lastKnownFileType = sourcecode.c.h; path = glxew.h; sourceTree = "<group>"; };
		75D2718624D9977200CA692D /* wglew.h */ = {isa = PBXFileReference; fileEncoding = 4; lastKnownFileType = sourcecode.c.h; path = wglew.h; sourceTree = "<group>"; };
		75D2718724D9977200CA692D /* glew.h */ = {isa = PBXFileReference; fileEncoding = 4; lastKnownFileType = sourcecode.c.h; path = glew.h; sourceTree = "<group>"; };
		75D2718824D9977200CA692D /* GLTools.h */ = {isa = PBXFileReference; fileEncoding = 4; lastKnownFileType = sourcecode.c.h; path = GLTools.h; sourceTree = "<group>"; };
		75D2718924D9977E00CA692D /* libGLTools.a */ = {isa = PBXFileReference; lastKnownFileType = archive.ar; path = libGLTools.a; sourceTree = "<group>"; };
		75D2718B24D9986B00CA692D /* main.cpp */ = {isa = PBXFileReference; lastKnownFileType = sourcecode.cpp.cpp; path = main.cpp; sourceTree = "<group>"; };
		75D2718D24D9993400CA692D /* stone.tga */ = {isa = PBXFileReference; lastKnownFileType = file; path = stone.tga; sourceTree = "<group>"; };
		75D2718E24D9993400CA692D /* floor.tga */ = {isa = PBXFileReference; lastKnownFileType = file; path = floor.tga; sourceTree = "<group>"; };
		75D2718F24D9993400CA692D /* brick.tga */ = {isa = PBXFileReference; lastKnownFileType = file; path = brick.tga; sourceTree = "<group>"; };
		75D2719324D9996B00CA692D /* ceiling.tga */ = {isa = PBXFileReference; lastKnownFileType = file; path = ceiling.tga; sourceTree = "<group>"; };
/* End PBXFileReference section */

/* Begin PBXFrameworksBuildPhase section */
		75D2715824D9971A00CA692D /* Frameworks */ = {
			isa = PBXFrameworksBuildPhase;
			buildActionMask = 2147483647;
			files = (
				75D2718A24D9977E00CA692D /* libGLTools.a in Frameworks */,
				75D2717624D9974000CA692D /* GLUT.framework in Frameworks */,
				75D2717424D9973900CA692D /* OpenGL.framework in Frameworks */,
			);
			runOnlyForDeploymentPostprocessing = 0;
		};
/* End PBXFrameworksBuildPhase section */

/* Begin PBXGroup section */
		75D2715224D9971A00CA692D = {
			isa = PBXGroup;
			children = (
				75D2715D24D9971A00CA692D /* OpenGL_Tunnel */,
				75D2715C24D9971A00CA692D /* Products */,
				75D2717224D9973800CA692D /* Frameworks */,
			);
			sourceTree = "<group>";
		};
		75D2715C24D9971A00CA692D /* Products */ = {
			isa = PBXGroup;
			children = (
				75D2715B24D9971A00CA692D /* OpenGL_Tunnel.app */,
			);
			name = Products;
			sourceTree = "<group>";
		};
		75D2715D24D9971A00CA692D /* OpenGL_Tunnel */ = {
			isa = PBXGroup;
			children = (
				75D2717924D9977200CA692D /* include */,
				75D2716424D9971D00CA692D /* Assets.xcassets */,
				75D2716624D9971D00CA692D /* Main.storyboard */,
				75D2716924D9971D00CA692D /* Info.plist */,
				75D2716C24D9971D00CA692D /* OpenGL_Tunnel.entitlements */,
				75D2718B24D9986B00CA692D /* main.cpp */,
				75D2718F24D9993400CA692D /* brick.tga */,
				75D2718E24D9993400CA692D /* floor.tga */,
				75D2718D24D9993400CA692D /* stone.tga */,
				75D2719324D9996B00CA692D /* ceiling.tga */,
			);
			path = OpenGL_Tunnel;
			sourceTree = "<group>";
		};
		75D2717224D9973800CA692D /* Frameworks */ = {
			isa = PBXGroup;
			children = (
				75D2718924D9977E00CA692D /* libGLTools.a */,
				75D2717524D9974000CA692D /* GLUT.framework */,
				75D2717324D9973900CA692D /* OpenGL.framework */,
			);
			name = Frameworks;
			sourceTree = "<group>";
		};
		75D2717924D9977200CA692D /* include */ = {
			isa = PBXGroup;
			children = (
				75D2718424D9977200CA692D /* GL */,
				75D2717A24D9977200CA692D /* GLBatchBase.h */,
				75D2717B24D9977200CA692D /* math3d.h */,
				75D2717C24D9977200CA692D /* GLTriangleBatch.h */,
				75D2717D24D9977200CA692D /* GLBatch.h */,
				75D2717E24D9977200CA692D /* GLMatrixStack.h */,
				75D2717F24D9977200CA692D /* GLFrame.h */,
				75D2718024D9977200CA692D /* GLFrustum.h */,
				75D2718124D9977200CA692D /* GLGeometryTransform.h */,
				75D2718224D9977200CA692D /* GLShaderManager.h */,
				75D2718324D9977200CA692D /* StopWatch.h */,
				75D2718824D9977200CA692D /* GLTools.h */,
			);
			path = include;
			sourceTree = "<group>";
		};
		75D2718424D9977200CA692D /* GL */ = {
			isa = PBXGroup;
			children = (
				75D2718524D9977200CA692D /* glxew.h */,
				75D2718624D9977200CA692D /* wglew.h */,
				75D2718724D9977200CA692D /* glew.h */,
			);
			path = GL;
			sourceTree = "<group>";
		};
/* End PBXGroup section */

/* Begin PBXNativeTarget section */
		75D2715A24D9971A00CA692D /* OpenGL_Tunnel */ = {
			isa = PBXNativeTarget;
			buildConfigurationList = 75D2716F24D9971D00CA692D /* Build configuration list for PBXNativeTarget "OpenGL_Tunnel" */;
			buildPhases = (
				75D2715724D9971A00CA692D /* Sources */,
				75D2715824D9971A00CA692D /* Frameworks */,
				75D2715924D9971A00CA692D /* Resources */,
			);
			buildRules = (
			);
			dependencies = (
			);
			name = OpenGL_Tunnel;
			productName = OpenGL_Tunnel;
			productReference = 75D2715B24D9971A00CA692D /* OpenGL_Tunnel.app */;
			productType = "com.apple.product-type.application";
		};
/* End PBXNativeTarget section */

/* Begin PBXProject section */
		75D2715324D9971A00CA692D /* Project object */ = {
			isa = PBXProject;
			attributes = {
				LastUpgradeCheck = 1160;
				ORGANIZATIONNAME = China;
				TargetAttributes = {
					75D2715A24D9971A00CA692D = {
						CreatedOnToolsVersion = 11.6;
					};
				};
			};
			buildConfigurationList = 75D2715624D9971A00CA692D /* Build configuration list for PBXProject "OpenGL_Tunnel" */;
			compatibilityVersion = "Xcode 9.3";
			developmentRegion = en;
			hasScannedForEncodings = 0;
			knownRegions = (
				en,
				Base,
			);
			mainGroup = 75D2715224D9971A00CA692D;
			productRefGroup = 75D2715C24D9971A00CA692D /* Products */;
			projectDirPath = "";
			projectRoot = "";
			targets = (
				75D2715A24D9971A00CA692D /* OpenGL_Tunnel */,
			);
		};
/* End PBXProject section */

/* Begin PBXResourcesBuildPhase section */
		75D2715924D9971A00CA692D /* Resources */ = {
			isa = PBXResourcesBuildPhase;
			buildActionMask = 2147483647;
			files = (
				75D2716524D9971D00CA692D /* Assets.xcassets in Resources */,
				75D2719124D9993400CA692D /* floor.tga in Resources */,
				75D2719224D9993400CA692D /* brick.tga in Resources */,
				75D2719024D9993400CA692D /* stone.tga in Resources */,
				75D2719424D9996B00CA692D /* ceiling.tga in Resources */,
				75D2716824D9971D00CA692D /* Main.storyboard in Resources */,
			);
			runOnlyForDeploymentPostprocessing = 0;
		};
/* End PBXResourcesBuildPhase section */

/* Begin PBXSourcesBuildPhase section */
		75D2715724D9971A00CA692D /* Sources */ = {
			isa = PBXSourcesBuildPhase;
			buildActionMask = 2147483647;
			files = (
				75D2718C24D9986B00CA692D /* main.cpp in Sources */,
			);
			runOnlyForDeploymentPostprocessing = 0;
		};
/* End PBXSourcesBuildPhase section */

/* Begin PBXVariantGroup section */
		75D2716624D9971D00CA692D /* Main.storyboard */ = {
			isa = PBXVariantGroup;
			children = (
				75D2716724D9971D00CA692D /* Base */,
			);
			name = Main.storyboard;
			sourceTree = "<group>";
		};
/* End PBXVariantGroup section */

/* Begin XCBuildConfiguration section */
		75D2716D24D9971D00CA692D /* Debug */ = {
			isa = XCBuildConfiguration;
			buildSettings = {
				ALWAYS_SEARCH_USER_PATHS = NO;
				CLANG_ANALYZER_NONNULL = YES;
				CLANG_ANALYZER_NUMBER_OBJECT_CONVERSION = YES_AGGRESSIVE;
				CLANG_CXX_LANGUAGE_STANDARD = "gnu++14";
				CLANG_CXX_LIBRARY = "libc++";
				CLANG_ENABLE_MODULES = YES;
				CLANG_ENABLE_OBJC_ARC = YES;
				CLANG_ENABLE_OBJC_WEAK = YES;
				CLANG_WARN_BLOCK_CAPTURE_AUTORELEASING = YES;
				CLANG_WARN_BOOL_CONVERSION = YES;
				CLANG_WARN_COMMA = YES;
				CLANG_WARN_CONSTANT_CONVERSION = YES;
				CLANG_WARN_DEPRECATED_OBJC_IMPLEMENTATIONS = YES;
				CLANG_WARN_DIRECT_OBJC_ISA_USAGE = YES_ERROR;
				CLANG_WARN_DOCUMENTATION_COMMENTS = YES;
				CLANG_WARN_EMPTY_BODY = YES;
				CLANG_WARN_ENUM_CONVERSION = YES;
				CLANG_WARN_INFINITE_RECURSION = YES;
				CLANG_WARN_INT_CONVERSION = YES;
				CLANG_WARN_NON_LITERAL_NULL_CONVERSION = YES;
				CLANG_WARN_OBJC_IMPLICIT_RETAIN_SELF = YES;
				CLANG_WARN_OBJC_LITERAL_CONVERSION = YES;
				CLANG_WARN_OBJC_ROOT_CLASS = YES_ERROR;
				CLANG_WARN_RANGE_LOOP_ANALYSIS = YES;
				CLANG_WARN_STRICT_PROTOTYPES = YES;
				CLANG_WARN_SUSPICIOUS_MOVE = YES;
				CLANG_WARN_UNGUARDED_AVAILABILITY = YES_AGGRESSIVE;
				CLANG_WARN_UNREACHABLE_CODE = YES;
				CLANG_WARN__DUPLICATE_METHOD_MATCH = YES;
				COPY_PHASE_STRIP = NO;
				DEBUG_INFORMATION_FORMAT = dwarf;
				ENABLE_STRICT_OBJC_MSGSEND = YES;
				ENABLE_TESTABILITY = YES;
				GCC_C_LANGUAGE_STANDARD = gnu11;
				GCC_DYNAMIC_NO_PIC = NO;
				GCC_NO_COMMON_BLOCKS = YES;
				GCC_OPTIMIZATION_LEVEL = 0;
				GCC_PREPROCESSOR_DEFINITIONS = (
					"DEBUG=1",
					"$(inherited)",
				);
				GCC_WARN_64_TO_32_BIT_CONVERSION = YES;
				GCC_WARN_ABOUT_RETURN_TYPE = YES_ERROR;
				GCC_WARN_UNDECLARED_SELECTOR = YES;
				GCC_WARN_UNINITIALIZED_AUTOS = YES_AGGRESSIVE;
				GCC_WARN_UNUSED_FUNCTION = YES;
				GCC_WARN_UNUSED_VARIABLE = YES;
				MACOSX_DEPLOYMENT_TARGET = 10.15;
				MTL_ENABLE_DEBUG_INFO = INCLUDE_SOURCE;
				MTL_FAST_MATH = YES;
				ONLY_ACTIVE_ARCH = YES;
				SDKROOT = macosx;
			};
			name = Debug;
		};
		75D2716E24D9971D00CA692D /* Release */ = {
			isa = XCBuildConfiguration;
			buildSettings = {
				ALWAYS_SEARCH_USER_PATHS = NO;
				CLANG_ANALYZER_NONNULL = YES;
				CLANG_ANALYZER_NUMBER_OBJECT_CONVERSION = YES_AGGRESSIVE;
				CLANG_CXX_LANGUAGE_STANDARD = "gnu++14";
				CLANG_CXX_LIBRARY = "libc++";
				CLANG_ENABLE_MODULES = YES;
				CLANG_ENABLE_OBJC_ARC = YES;
				CLANG_ENABLE_OBJC_WEAK = YES;
				CLANG_WARN_BLOCK_CAPTURE_AUTORELEASING = YES;
				CLANG_WARN_BOOL_CONVERSION = YES;
				CLANG_WARN_COMMA = YES;
				CLANG_WARN_CONSTANT_CONVERSION = YES;
				CLANG_WARN_DEPRECATED_OBJC_IMPLEMENTATIONS = YES;
				CLANG_WARN_DIRECT_OBJC_ISA_USAGE = YES_ERROR;
				CLANG_WARN_DOCUMENTATION_COMMENTS = YES;
				CLANG_WARN_EMPTY_BODY = YES;
				CLANG_WARN_ENUM_CONVERSION = YES;
				CLANG_WARN_INFINITE_RECURSION = YES;
				CLANG_WARN_INT_CONVERSION = YES;
				CLANG_WARN_NON_LITERAL_NULL_CONVERSION = YES;
				CLANG_WARN_OBJC_IMPLICIT_RETAIN_SELF = YES;
				CLANG_WARN_OBJC_LITERAL_CONVERSION = YES;
				CLANG_WARN_OBJC_ROOT_CLASS = YES_ERROR;
				CLANG_WARN_RANGE_LOOP_ANALYSIS = YES;
				CLANG_WARN_STRICT_PROTOTYPES = YES;
				CLANG_WARN_SUSPICIOUS_MOVE = YES;
				CLANG_WARN_UNGUARDED_AVAILABILITY = YES_AGGRESSIVE;
				CLANG_WARN_UNREACHABLE_CODE = YES;
				CLANG_WARN__DUPLICATE_METHOD_MATCH = YES;
				COPY_PHASE_STRIP = NO;
				DEBUG_INFORMATION_FORMAT = "dwarf-with-dsym";
				ENABLE_NS_ASSERTIONS = NO;
				ENABLE_STRICT_OBJC_MSGSEND = YES;
				GCC_C_LANGUAGE_STANDARD = gnu11;
				GCC_NO_COMMON_BLOCKS = YES;
				GCC_WARN_64_TO_32_BIT_CONVERSION = YES;
				GCC_WARN_ABOUT_RETURN_TYPE = YES_ERROR;
				GCC_WARN_UNDECLARED_SELECTOR = YES;
				GCC_WARN_UNINITIALIZED_AUTOS = YES_AGGRESSIVE;
				GCC_WARN_UNUSED_FUNCTION = YES;
				GCC_WARN_UNUSED_VARIABLE = YES;
				MACOSX_DEPLOYMENT_TARGET = 10.15;
				MTL_ENABLE_DEBUG_INFO = NO;
				MTL_FAST_MATH = YES;
				SDKROOT = macosx;
			};
			name = Release;
		};
		75D2717024D9971D00CA692D /* Debug */ = {
			isa = XCBuildConfiguration;
			buildSettings = {
				ASSETCATALOG_COMPILER_APPICON_NAME = AppIcon;
				CODE_SIGN_ENTITLEMENTS = OpenGL_Tunnel/OpenGL_Tunnel.entitlements;
				CODE_SIGN_STYLE = Automatic;
				COMBINE_HIDPI_IMAGES = YES;
				HEADER_SEARCH_PATHS = "\"$(SRCROOT)/OpenGL_Tunnel/include\"";
				INFOPLIST_FILE = OpenGL_Tunnel/Info.plist;
				LD_RUNPATH_SEARCH_PATHS = (
					"$(inherited)",
					"@executable_path/../Frameworks",
				);
				LIBRARY_SEARCH_PATHS = (
					"$(inherited)",
					"$(PROJECT_DIR)",
				);
				PRODUCT_BUNDLE_IDENTIFIER = "ctair.china.OpenGL-Tunnel";
				PRODUCT_NAME = "$(TARGET_NAME)";
			};
			name = Debug;
		};
		75D2717124D9971D00CA692D /* Release */ = {
			isa = XCBuildConfiguration;
			buildSettings = {
				ASSETCATALOG_COMPILER_APPICON_NAME = AppIcon;
				CODE_SIGN_ENTITLEMENTS = OpenGL_Tunnel/OpenGL_Tunnel.entitlements;
				CODE_SIGN_STYLE = Automatic;
				COMBINE_HIDPI_IMAGES = YES;
				HEADER_SEARCH_PATHS = "\"$(SRCROOT)/OpenGL_Tunnel/include\"";
				INFOPLIST_FILE = OpenGL_Tunnel/Info.plist;
				LD_RUNPATH_SEARCH_PATHS = (
					"$(inherited)",
					"@executable_path/../Frameworks",
				);
				LIBRARY_SEARCH_PATHS = (
					"$(inherited)",
					"$(PROJECT_DIR)",
				);
				PRODUCT_BUNDLE_IDENTIFIER = "ctair.china.OpenGL-Tunnel";
				PRODUCT_NAME = "$(TARGET_NAME)";
			};
			name = Release;
		};
/* End XCBuildConfiguration section */

/* Begin XCConfigurationList section */
		75D2715624D9971A00CA692D /* Build configuration list for PBXProject "OpenGL_Tunnel" */ = {
			isa = XCConfigurationList;
			buildConfigurations = (
				75D2716D24D9971D00CA692D /* Debug */,
				75D2716E24D9971D00CA692D /* Release */,
			);
			defaultConfigurationIsVisible = 0;
			defaultConfigurationName = Release;
		};
		75D2716F24D9971D00CA692D /* Build configuration list for PBXNativeTarget "OpenGL_Tunnel" */ = {
			isa = XCConfigurationList;
			buildConfigurations = (
				75D2717024D9971D00CA692D /* Debug */,
				75D2717124D9971D00CA692D /* Release */,
			);
			defaultConfigurationIsVisible = 0;
			defaultConfigurationName = Release;
		};
/* End XCConfigurationList section */
	};
	rootObject = 75D2715324D9971A00CA692D /* Project object */;
}
